github.com/future-wd/hugo-imaging-common v0.0.8/go.mod h1:T+CwESc3sveTg/R4X/2AeQszY52MuqfyNuVV2UmSn+E=
github.com/future-wd/hugo-responsive-images v1.3.2 h1:JTqP0Ooz66KS2SmSor+MEGpQv2B4KLh9JqApaOci/zI=
github.com/future-wd/hugo-responsive-images v1.3.2/go.mod h1:YE72mEpC8vO+vJTDmDhgNIQV3N7QdV3gleRwe8zrgmU=
